
Microsoft Visual Studio Solution File, Format Version 12.00
# Visual Studio Version 17
VisualStudioVersion = 17.1.32228.430
MinimumVisualStudioVersion = 10.0.40219.1
Project("{9A19103F-16F7-4668-BE54-9A1E7A4F7556}") = "rinha-de-backend-api", "rinha-de-backend-api.csproj", "{A32B7C79-C1DF-41A4-8DD5-CCE03B3F882E}"
EndProject
Global
	GlobalSection(SolutionConfigurationPlatforms) = preSolution
		Debug|Any CPU = Debug|Any CPU
		Release|Any CPU = Release|Any CPU
	EndGlobalSection
	GlobalSection(ProjectConfigurationPlatforms) = postSolution
		{A32B7C79-C1DF-41A4-8DD5-CCE03B3F882E}.Debug|Any CPU.ActiveCfg = Debug|Any CPU
		{A32B7C79-C1DF-41A4-8DD5-CCE03B3F882E}.Debug|Any CPU.Build.0 = Debug|Any CPU
		{A32B7C79-C1DF-41A4-8DD5-CCE03B3F882E}.Release|Any CPU.ActiveCfg = Release|Any CPU
		{A32B7C79-C1DF-41A4-8DD5-CCE03B3F882E}.Release|Any CPU.Build.0 = Release|Any CPU
	EndGlobalSection
	GlobalSection(SolutionProperties) = preSolution
		HideSolutionNode = FALSE
	EndGlobalSection
	GlobalSection(ExtensibilityGlobals) = postSolution
		SolutionGuid = {DAC7044F-366A-4DC9-BDB9-541D473CD887}
	EndGlobalSection
EndGlobal
